
Microsoft Visual Studio Solution File, Format Version 12.00
# Visual Studio Version 16
VisualStudioVersion = 16.0.31515.178
MinimumVisualStudioVersion = 10.0.40219.1
Project("{9A19103F-16F7-4668-BE54-9A1E7A4F7556}") = "medical-reminder-api", "medical-reminder-api\medical-reminder-api.csproj", "{2DD4DF7B-AA0E-49FB-88FD-7649927ED2EB}"
EndProject
Global
	GlobalSection(SolutionConfigurationPlatforms) = preSolution
		Debug|Any CPU = Debug|Any CPU
		Release|Any CPU = Release|Any CPU
	EndGlobalSection
	GlobalSection(ProjectConfigurationPlatforms) = postSolution
		{2DD4DF7B-AA0E-49FB-88FD-7649927ED2EB}.Debug|Any CPU.ActiveCfg = Debug|Any CPU
		{2DD4DF7B-AA0E-49FB-88FD-7649927ED2EB}.Debug|Any CPU.Build.0 = Debug|Any CPU
		{2DD4DF7B-AA0E-49FB-88FD-7649927ED2EB}.Release|Any CPU.ActiveCfg = Release|Any CPU
		{2DD4DF7B-AA0E-49FB-88FD-7649927ED2EB}.Release|Any CPU.Build.0 = Release|Any CPU
	EndGlobalSection
	GlobalSection(SolutionProperties) = preSolution
		HideSolutionNode = FALSE
	EndGlobalSection
	GlobalSection(ExtensibilityGlobals) = postSolution
		SolutionGuid = {EB0D0E77-4B20-47F0-87B1-37C251F7CE16}
	EndGlobalSection
EndGlobal
